<?xml version="1.0" encoding="UTF-8" standalone="yes" ?>
<CodeBlocks_project_file>
	<FileVersion major="1" minor="6" />
	<Project>
		<Option title="homework" />
		<Option pch_mode="2" />
		<Option compiler="gcc" />
		<Build>
			<Target title="Debug">
				<Option output="bin/Debug/homework" prefix_auto="1" extension_auto="1" />
				<Option object_output="obj/Debug/" />
				<Option type="1" />
				<Option compiler="gcc" />
				<Compiler>
					<Add option="-g" />
				</Compiler>
			</Target>
			<Target title="Release">
				<Option output="bin/Release/homework" prefix_auto="1" extension_auto="1" />
				<Option object_output="obj/Release/" />
				<Option type="1" />
				<Option compiler="gcc" />
				<Compiler>
					<Add option="-O2" />
				</Compiler>
				<Linker>
					<Add option="-s" />
				</Linker>
			</Target>
		</Build>
		<Compiler>
			<Add option="-Wall" />
			<Add directory="F:/code/homework/" />
		</Compiler>
		<Unit filename="main.c">
			<Option compilerVar="CC" />
		</Unit>
		<Unit filename="work2_1.h" />
		<Unit filename="work2_2.h" />
		<Unit filename="work2_3.h" />
		<Unit filename="work2_4.h" />
		<Unit filename="work2_5.h" />
		<Unit filename="work3_1.h" />
		<Unit filename="work3_2.h" />
		<Unit filename="work3_3.h" />
		<Unit filename="work3_4.h" />
		<Unit filename="work3_5.h" />
		<Unit filename="work3_6.h" />
		<Unit filename="work3_7.h" />
		<Unit filename="work3_8.h" />
		<Unit filename="work3_9.h" />
		<Extensions>
			<code_completion />
			<debugger />
		</Extensions>
	</Project>
</CodeBlocks_project_file>
